{
  "name": "13-publising-package-on-NPM",
  "lockfileVersion": 3,
  "requires": true,
  "packages": {
    "": {
      "dependencies": {
        "nishu-first-module": "^1.0.1"
      }
    },
    "node_modules/nishu-first-module": {
      "version": "1.0.2",
      "resolved": "https://registry.npmjs.org/nishu-first-module/-/nishu-first-module-1.0.1.tgz",
      "integrity": "sha512-/2YTsDp5ETUQlYk4xOYqnOzskvWmTrBgAiLCws7UORK9HUb2AuxJKlIEF43NJ/hhmGzrhexOyxA8DH03hmErsQ=="
    }
  }
}
